
Microsoft Visual Studio Solution File, Format Version 12.00
# Visual Studio Version 16
VisualStudioVersion = 16.0.31624.102
MinimumVisualStudioVersion = 10.0.40219.1
Project("{FAE04EC0-301F-11D3-BF4B-00C04F79EFBC}") = "FiorellaHomeWork", "FiorellaHomeWork\FiorellaHomeWork.csproj", "{6CCE9AB0-8172-42A1-BBCC-A5C4BECA23CE}"
EndProject
Global
	GlobalSection(SolutionConfigurationPlatforms) = preSolution
		Debug|Any CPU = Debug|Any CPU
		Release|Any CPU = Release|Any CPU
	EndGlobalSection
	GlobalSection(ProjectConfigurationPlatforms) = postSolution
		{6CCE9AB0-8172-42A1-BBCC-A5C4BECA23CE}.Debug|Any CPU.ActiveCfg = Debug|Any CPU
		{6CCE9AB0-8172-42A1-BBCC-A5C4BECA23CE}.Debug|Any CPU.Build.0 = Debug|Any CPU
		{6CCE9AB0-8172-42A1-BBCC-A5C4BECA23CE}.Release|Any CPU.ActiveCfg = Release|Any CPU
		{6CCE9AB0-8172-42A1-BBCC-A5C4BECA23CE}.Release|Any CPU.Build.0 = Release|Any CPU
	EndGlobalSection
	GlobalSection(SolutionProperties) = preSolution
		HideSolutionNode = FALSE
	EndGlobalSection
	GlobalSection(ExtensibilityGlobals) = postSolution
		SolutionGuid = {FF0A877B-DF2C-4FAF-9617-909FE79F93EA}
	EndGlobalSection
EndGlobal
